// !$*UTF8*$!
{
	archiveVersion = 1;
	classes = {
	};
	objectVersion = 50;
	objects = {

/* Begin PBXBuildFile section */
		AB420FF421D03130005C9F0F /* expr_impl.cpp in Sources */ = {isa = PBXBuildFile; fileRef = AB420FE921D0312D005C9F0F /* expr_impl.cpp */; };
		AB420FF521D03130005C9F0F /* expr.cpp in Sources */ = {isa = PBXBuildFile; fileRef = AB420FED21D0312F005C9F0F /* expr.cpp */; };
		AB420FF621D03130005C9F0F /* main.cpp in Sources */ = {isa = PBXBuildFile; fileRef = AB420FEE21D0312F005C9F0F /* main.cpp */; };
		AB420FF721D03130005C9F0F /* tokenizer.cpp in Sources */ = {isa = PBXBuildFile; fileRef = AB420FEF21D0312F005C9F0F /* tokenizer.cpp */; };
		AB420FF821D03130005C9F0F /* app.cpp in Sources */ = {isa = PBXBuildFile; fileRef = AB420FF021D03130005C9F0F /* app.cpp */; };
		AB420FF921D03130005C9F0F /* cmdline.cpp in Sources */ = {isa = PBXBuildFile; fileRef = AB420FF121D03130005C9F0F /* cmdline.cpp */; };
/* End PBXBuildFile section */

/* Begin PBXCopyFilesBuildPhase section */
		AB420FC721D030EC005C9F0F /* CopyFiles */ = {
			isa = PBXCopyFilesBuildPhase;
			buildActionMask = 2147483647;
			dstPath = /usr/share/man/man1/;
			dstSubfolderSpec = 0;
			files = (
			);
			runOnlyForDeploymentPostprocessing = 1;
		};
/* End PBXCopyFilesBuildPhase section */

/* Begin PBXFileReference section */
		AB420FC921D030EC005C9F0F /* symcalc2 */ = {isa = PBXFileReference; explicitFileType = "compiled.mach-o.executable"; includeInIndex = 0; path = symcalc2; sourceTree = BUILT_PRODUCTS_DIR; };
		AB420FE421D0312C005C9F0F /* tokenizer.hpp */ = {isa = PBXFileReference; fileEncoding = 4; lastKnownFileType = sourcecode.cpp.h; path = tokenizer.hpp; sourceTree = "<group>"; };
		AB420FE521D0312C005C9F0F /* app.hpp */ = {isa = PBXFileReference; fileEncoding = 4; lastKnownFileType = sourcecode.cpp.h; path = app.hpp; sourceTree = "<group>"; };
		AB420FE621D0312C005C9F0F /* mapbox */ = {isa = PBXFileReference; lastKnownFileType = folder; path = mapbox; sourceTree = "<group>"; };
		AB420FE721D0312D005C9F0F /* README.md */ = {isa = PBXFileReference; fileEncoding = 4; lastKnownFileType = net.daringfireball.markdown; path = README.md; sourceTree = "<group>"; };
		AB420FE821D0312D005C9F0F /* expr.hpp */ = {isa = PBXFileReference; fileEncoding = 4; lastKnownFileType = sourcecode.cpp.h; path = expr.hpp; sourceTree = "<group>"; };
		AB420FE921D0312D005C9F0F /* expr_impl.cpp */ = {isa = PBXFileReference; fileEncoding = 4; lastKnownFileType = sourcecode.cpp.cpp; path = expr_impl.cpp; sourceTree = "<group>"; };
		AB420FEA21D0312D005C9F0F /* tests */ = {isa = PBXFileReference; lastKnownFileType = folder; path = tests; sourceTree = "<group>"; };
		AB420FEB21D0312D005C9F0F /* expr_impl.hpp */ = {isa = PBXFileReference; fileEncoding = 4; lastKnownFileType = sourcecode.cpp.h; path = expr_impl.hpp; sourceTree = "<group>"; };
		AB420FEC21D0312F005C9F0F /* cmake-build-debug */ = {isa = PBXFileReference; lastKnownFileType = folder; path = "cmake-build-debug"; sourceTree = "<group>"; };
		AB420FED21D0312F005C9F0F /* expr.cpp */ = {isa = PBXFileReference; fileEncoding = 4; lastKnownFileType = sourcecode.cpp.cpp; path = expr.cpp; sourceTree = "<group>"; };
		AB420FEE21D0312F005C9F0F /* main.cpp */ = {isa = PBXFileReference; fileEncoding = 4; lastKnownFileType = sourcecode.cpp.cpp; path = main.cpp; sourceTree = "<group>"; };
		AB420FEF21D0312F005C9F0F /* tokenizer.cpp */ = {isa = PBXFileReference; fileEncoding = 4; lastKnownFileType = sourcecode.cpp.cpp; path = tokenizer.cpp; sourceTree = "<group>"; };
		AB420FF021D03130005C9F0F /* app.cpp */ = {isa = PBXFileReference; fileEncoding = 4; lastKnownFileType = sourcecode.cpp.cpp; path = app.cpp; sourceTree = "<group>"; };
		AB420FF121D03130005C9F0F /* cmdline.cpp */ = {isa = PBXFileReference; fileEncoding = 4; lastKnownFileType = sourcecode.cpp.cpp; path = cmdline.cpp; sourceTree = "<group>"; };
		AB420FF221D03130005C9F0F /* CMakeLists.txt */ = {isa = PBXFileReference; fileEncoding = 4; lastKnownFileType = text; path = CMakeLists.txt; sourceTree = "<group>"; };
		AB420FF321D03130005C9F0F /* cmdline.hpp */ = {isa = PBXFileReference; fileEncoding = 4; lastKnownFileType = sourcecode.cpp.h; path = cmdline.hpp; sourceTree = "<group>"; };
/* End PBXFileReference section */

/* Begin PBXFrameworksBuildPhase section */
		AB420FC621D030EC005C9F0F /* Frameworks */ = {
			isa = PBXFrameworksBuildPhase;
			buildActionMask = 2147483647;
			files = (
			);
			runOnlyForDeploymentPostprocessing = 0;
		};
/* End PBXFrameworksBuildPhase section */

/* Begin PBXGroup section */
		AB420FC021D030EC005C9F0F = {
			isa = PBXGroup;
			children = (
				AB420FCB21D030EC005C9F0F /* symcalc2 */,
				AB420FCA21D030EC005C9F0F /* Products */,
			);
			sourceTree = "<group>";
		};
		AB420FCA21D030EC005C9F0F /* Products */ = {
			isa = PBXGroup;
			children = (
				AB420FC921D030EC005C9F0F /* symcalc2 */,
			);
			name = Products;
			sourceTree = "<group>";
		};
		AB420FCB21D030EC005C9F0F /* symcalc2 */ = {
			isa = PBXGroup;
			children = (
				AB420FF021D03130005C9F0F /* app.cpp */,
				AB420FE521D0312C005C9F0F /* app.hpp */,
				AB420FEC21D0312F005C9F0F /* cmake-build-debug */,
				AB420FF221D03130005C9F0F /* CMakeLists.txt */,
				AB420FF121D03130005C9F0F /* cmdline.cpp */,
				AB420FF321D03130005C9F0F /* cmdline.hpp */,
				AB420FE921D0312D005C9F0F /* expr_impl.cpp */,
				AB420FEB21D0312D005C9F0F /* expr_impl.hpp */,
				AB420FED21D0312F005C9F0F /* expr.cpp */,
				AB420FE821D0312D005C9F0F /* expr.hpp */,
				AB420FEE21D0312F005C9F0F /* main.cpp */,
				AB420FE621D0312C005C9F0F /* mapbox */,
				AB420FE721D0312D005C9F0F /* README.md */,
				AB420FEA21D0312D005C9F0F /* tests */,
				AB420FEF21D0312F005C9F0F /* tokenizer.cpp */,
				AB420FE421D0312C005C9F0F /* tokenizer.hpp */,
			);
			path = symcalc2;
			sourceTree = "<group>";
		};
/* End PBXGroup section */

/* Begin PBXNativeTarget section */
		AB420FC821D030EC005C9F0F /* symcalc2 */ = {
			isa = PBXNativeTarget;
			buildConfigurationList = AB420FD021D030EC005C9F0F /* Build configuration list for PBXNativeTarget "symcalc2" */;
			buildPhases = (
				AB420FC521D030EC005C9F0F /* Sources */,
				AB420FC621D030EC005C9F0F /* Frameworks */,
				AB420FC721D030EC005C9F0F /* CopyFiles */,
			);
			buildRules = (
			);
			dependencies = (
			);
			name = symcalc2;
			productName = symcalc2;
			productReference = AB420FC921D030EC005C9F0F /* symcalc2 */;
			productType = "com.apple.product-type.tool";
		};
/* End PBXNativeTarget section */

/* Begin PBXProject section */
		AB420FC121D030EC005C9F0F /* Project object */ = {
			isa = PBXProject;
			attributes = {
				LastUpgradeCheck = 1010;
				ORGANIZATIONNAME = "Yevgen Ponomarenko";
				TargetAttributes = {
					AB420FC821D030EC005C9F0F = {
						CreatedOnToolsVersion = 10.1;
					};
				};
			};
			buildConfigurationList = AB420FC421D030EC005C9F0F /* Build configuration list for PBXProject "symcalc2" */;
			compatibilityVersion = "Xcode 9.3";
			developmentRegion = en;
			hasScannedForEncodings = 0;
			knownRegions = (
				en,
			);
			mainGroup = AB420FC021D030EC005C9F0F;
			productRefGroup = AB420FCA21D030EC005C9F0F /* Products */;
			projectDirPath = "";
			projectRoot = "";
			targets = (
				AB420FC821D030EC005C9F0F /* symcalc2 */,
			);
		};
/* End PBXProject section */

/* Begin PBXSourcesBuildPhase section */
		AB420FC521D030EC005C9F0F /* Sources */ = {
			isa = PBXSourcesBuildPhase;
			buildActionMask = 2147483647;
			files = (
				AB420FF521D03130005C9F0F /* expr.cpp in Sources */,
				AB420FF821D03130005C9F0F /* app.cpp in Sources */,
				AB420FF921D03130005C9F0F /* cmdline.cpp in Sources */,
				AB420FF721D03130005C9F0F /* tokenizer.cpp in Sources */,
				AB420FF421D03130005C9F0F /* expr_impl.cpp in Sources */,
				AB420FF621D03130005C9F0F /* main.cpp in Sources */,
			);
			runOnlyForDeploymentPostprocessing = 0;
		};
/* End PBXSourcesBuildPhase section */

/* Begin XCBuildConfiguration section */
		AB420FCE21D030EC005C9F0F /* Debug */ = {
			isa = XCBuildConfiguration;
			buildSettings = {
				ALWAYS_SEARCH_USER_PATHS = NO;
				CLANG_ANALYZER_NONNULL = YES;
				CLANG_ANALYZER_NUMBER_OBJECT_CONVERSION = YES_AGGRESSIVE;
				CLANG_CXX_LANGUAGE_STANDARD = "gnu++14";
				CLANG_CXX_LIBRARY = "libc++";
				CLANG_ENABLE_MODULES = YES;
				CLANG_ENABLE_OBJC_ARC = YES;
				CLANG_ENABLE_OBJC_WEAK = YES;
				CLANG_WARN_BLOCK_CAPTURE_AUTORELEASING = YES;
				CLANG_WARN_BOOL_CONVERSION = YES;
				CLANG_WARN_COMMA = YES;
				CLANG_WARN_CONSTANT_CONVERSION = YES;
				CLANG_WARN_DEPRECATED_OBJC_IMPLEMENTATIONS = YES;
				CLANG_WARN_DIRECT_OBJC_ISA_USAGE = YES_ERROR;
				CLANG_WARN_DOCUMENTATION_COMMENTS = YES;
				CLANG_WARN_EMPTY_BODY = YES;
				CLANG_WARN_ENUM_CONVERSION = YES;
				CLANG_WARN_INFINITE_RECURSION = YES;
				CLANG_WARN_INT_CONVERSION = YES;
				CLANG_WARN_NON_LITERAL_NULL_CONVERSION = YES;
				CLANG_WARN_OBJC_IMPLICIT_RETAIN_SELF = YES;
				CLANG_WARN_OBJC_LITERAL_CONVERSION = YES;
				CLANG_WARN_OBJC_ROOT_CLASS = YES_ERROR;
				CLANG_WARN_RANGE_LOOP_ANALYSIS = YES;
				CLANG_WARN_STRICT_PROTOTYPES = YES;
				CLANG_WARN_SUSPICIOUS_MOVE = YES;
				CLANG_WARN_UNGUARDED_AVAILABILITY = YES_AGGRESSIVE;
				CLANG_WARN_UNREACHABLE_CODE = YES;
				CLANG_WARN__DUPLICATE_METHOD_MATCH = YES;
				CODE_SIGN_IDENTITY = "-";
				COPY_PHASE_STRIP = NO;
				DEBUG_INFORMATION_FORMAT = dwarf;
				ENABLE_STRICT_OBJC_MSGSEND = YES;
				ENABLE_TESTABILITY = YES;
				GCC_C_LANGUAGE_STANDARD = gnu11;
				GCC_DYNAMIC_NO_PIC = NO;
				GCC_NO_COMMON_BLOCKS = YES;
				GCC_OPTIMIZATION_LEVEL = 0;
				GCC_PREPROCESSOR_DEFINITIONS = (
					"DEBUG=1",
					"$(inherited)",
				);
				GCC_WARN_64_TO_32_BIT_CONVERSION = YES;
				GCC_WARN_ABOUT_RETURN_TYPE = YES_ERROR;
				GCC_WARN_UNDECLARED_SELECTOR = YES;
				GCC_WARN_UNINITIALIZED_AUTOS = YES_AGGRESSIVE;
				GCC_WARN_UNUSED_FUNCTION = YES;
				GCC_WARN_UNUSED_VARIABLE = YES;
				MACOSX_DEPLOYMENT_TARGET = 10.14;
				MTL_ENABLE_DEBUG_INFO = INCLUDE_SOURCE;
				MTL_FAST_MATH = YES;
				ONLY_ACTIVE_ARCH = YES;
				SDKROOT = macosx;
			};
			name = Debug;
		};
		AB420FCF21D030EC005C9F0F /* Release */ = {
			isa = XCBuildConfiguration;
			buildSettings = {
				ALWAYS_SEARCH_USER_PATHS = NO;
				CLANG_ANALYZER_NONNULL = YES;
				CLANG_ANALYZER_NUMBER_OBJECT_CONVERSION = YES_AGGRESSIVE;
				CLANG_CXX_LANGUAGE_STANDARD = "gnu++14";
				CLANG_CXX_LIBRARY = "libc++";
				CLANG_ENABLE_MODULES = YES;
				CLANG_ENABLE_OBJC_ARC = YES;
				CLANG_ENABLE_OBJC_WEAK = YES;
				CLANG_WARN_BLOCK_CAPTURE_AUTORELEASING = YES;
				CLANG_WARN_BOOL_CONVERSION = YES;
				CLANG_WARN_COMMA = YES;
				CLANG_WARN_CONSTANT_CONVERSION = YES;
				CLANG_WARN_DEPRECATED_OBJC_IMPLEMENTATIONS = YES;
				CLANG_WARN_DIRECT_OBJC_ISA_USAGE = YES_ERROR;
				CLANG_WARN_DOCUMENTATION_COMMENTS = YES;
				CLANG_WARN_EMPTY_BODY = YES;
				CLANG_WARN_ENUM_CONVERSION = YES;
				CLANG_WARN_INFINITE_RECURSION = YES;
				CLANG_WARN_INT_CONVERSION = YES;
				CLANG_WARN_NON_LITERAL_NULL_CONVERSION = YES;
				CLANG_WARN_OBJC_IMPLICIT_RETAIN_SELF = YES;
				CLANG_WARN_OBJC_LITERAL_CONVERSION = YES;
				CLANG_WARN_OBJC_ROOT_CLASS = YES_ERROR;
				CLANG_WARN_RANGE_LOOP_ANALYSIS = YES;
				CLANG_WARN_STRICT_PROTOTYPES = YES;
				CLANG_WARN_SUSPICIOUS_MOVE = YES;
				CLANG_WARN_UNGUARDED_AVAILABILITY = YES_AGGRESSIVE;
				CLANG_WARN_UNREACHABLE_CODE = YES;
				CLANG_WARN__DUPLICATE_METHOD_MATCH = YES;
				CODE_SIGN_IDENTITY = "-";
				COPY_PHASE_STRIP = NO;
				DEBUG_INFORMATION_FORMAT = "dwarf-with-dsym";
				ENABLE_NS_ASSERTIONS = NO;
				ENABLE_STRICT_OBJC_MSGSEND = YES;
				GCC_C_LANGUAGE_STANDARD = gnu11;
				GCC_NO_COMMON_BLOCKS = YES;
				GCC_WARN_64_TO_32_BIT_CONVERSION = YES;
				GCC_WARN_ABOUT_RETURN_TYPE = YES_ERROR;
				GCC_WARN_UNDECLARED_SELECTOR = YES;
				GCC_WARN_UNINITIALIZED_AUTOS = YES_AGGRESSIVE;
				GCC_WARN_UNUSED_FUNCTION = YES;
				GCC_WARN_UNUSED_VARIABLE = YES;
				MACOSX_DEPLOYMENT_TARGET = 10.14;
				MTL_ENABLE_DEBUG_INFO = NO;
				MTL_FAST_MATH = YES;
				SDKROOT = macosx;
			};
			name = Release;
		};
		AB420FD121D030EC005C9F0F /* Debug */ = {
			isa = XCBuildConfiguration;
			buildSettings = {
				CODE_SIGN_STYLE = Automatic;
				PRODUCT_NAME = "$(TARGET_NAME)";
			};
			name = Debug;
		};
		AB420FD221D030EC005C9F0F /* Release */ = {
			isa = XCBuildConfiguration;
			buildSettings = {
				CODE_SIGN_STYLE = Automatic;
				PRODUCT_NAME = "$(TARGET_NAME)";
			};
			name = Release;
		};
/* End XCBuildConfiguration section */

/* Begin XCConfigurationList section */
		AB420FC421D030EC005C9F0F /* Build configuration list for PBXProject "symcalc2" */ = {
			isa = XCConfigurationList;
			buildConfigurations = (
				AB420FCE21D030EC005C9F0F /* Debug */,
				AB420FCF21D030EC005C9F0F /* Release */,
			);
			defaultConfigurationIsVisible = 0;
			defaultConfigurationName = Release;
		};
		AB420FD021D030EC005C9F0F /* Build configuration list for PBXNativeTarget "symcalc2" */ = {
			isa = XCConfigurationList;
			buildConfigurations = (
				AB420FD121D030EC005C9F0F /* Debug */,
				AB420FD221D030EC005C9F0F /* Release */,
			);
			defaultConfigurationIsVisible = 0;
			defaultConfigurationName = Release;
		};
/* End XCConfigurationList section */
	};
	rootObject = AB420FC121D030EC005C9F0F /* Project object */;
}
