// !$*UTF8*$!
{
	archiveVersion = 1;
	classes = {
	};
	objectVersion = 50;
	objects = {

/* Begin PBXBuildFile section */
		ABB42E7221E3FC030005C884 /* tests-flatset-complexity.cpp in Sources */ = {isa = PBXBuildFile; fileRef = ABB42E6A21E3FC010005C884 /* tests-flatset-complexity.cpp */; };
		ABB42E7321E3FC030005C884 /* tests-helpers.cpp in Sources */ = {isa = PBXBuildFile; fileRef = ABB42E6B21E3FC010005C884 /* tests-helpers.cpp */; };
		ABB42E7421E3FC030005C884 /* tests-flatset-full.cpp in Sources */ = {isa = PBXBuildFile; fileRef = ABB42E6C21E3FC010005C884 /* tests-flatset-full.cpp */; };
		ABB42E7521E3FC030005C884 /* tests-flatset-basic.cpp in Sources */ = {isa = PBXBuildFile; fileRef = ABB42E6D21E3FC020005C884 /* tests-flatset-basic.cpp */; };
		ABB42E7621E3FC030005C884 /* tests-main.cpp in Sources */ = {isa = PBXBuildFile; fileRef = ABB42E7121E3FC030005C884 /* tests-main.cpp */; };
/* End PBXBuildFile section */

/* Begin PBXCopyFilesBuildPhase section */
		ABB42E5D21E3FBEC0005C884 /* CopyFiles */ = {
			isa = PBXCopyFilesBuildPhase;
			buildActionMask = 2147483647;
			dstPath = /usr/share/man/man1/;
			dstSubfolderSpec = 0;
			files = (
			);
			runOnlyForDeploymentPostprocessing = 1;
		};
/* End PBXCopyFilesBuildPhase section */

/* Begin PBXFileReference section */
		ABB42E5F21E3FBEC0005C884 /* flatset */ = {isa = PBXFileReference; explicitFileType = "compiled.mach-o.executable"; includeInIndex = 0; path = flatset; sourceTree = BUILT_PRODUCTS_DIR; };
		ABB42E6921E3FC010005C884 /* catch.hpp */ = {isa = PBXFileReference; fileEncoding = 4; lastKnownFileType = sourcecode.cpp.h; path = catch.hpp; sourceTree = "<group>"; };
		ABB42E6A21E3FC010005C884 /* tests-flatset-complexity.cpp */ = {isa = PBXFileReference; fileEncoding = 4; lastKnownFileType = sourcecode.cpp.cpp; path = "tests-flatset-complexity.cpp"; sourceTree = "<group>"; };
		ABB42E6B21E3FC010005C884 /* tests-helpers.cpp */ = {isa = PBXFileReference; fileEncoding = 4; lastKnownFileType = sourcecode.cpp.cpp; path = "tests-helpers.cpp"; sourceTree = "<group>"; };
		ABB42E6C21E3FC010005C884 /* tests-flatset-full.cpp */ = {isa = PBXFileReference; fileEncoding = 4; lastKnownFileType = sourcecode.cpp.cpp; path = "tests-flatset-full.cpp"; sourceTree = "<group>"; };
		ABB42E6D21E3FC020005C884 /* tests-flatset-basic.cpp */ = {isa = PBXFileReference; fileEncoding = 4; lastKnownFileType = sourcecode.cpp.cpp; path = "tests-flatset-basic.cpp"; sourceTree = "<group>"; };
		ABB42E6E21E3FC020005C884 /* CMakeLists.txt */ = {isa = PBXFileReference; fileEncoding = 4; lastKnownFileType = text; path = CMakeLists.txt; sourceTree = "<group>"; };
		ABB42E6F21E3FC020005C884 /* flatset.hpp */ = {isa = PBXFileReference; fileEncoding = 4; lastKnownFileType = sourcecode.cpp.h; path = flatset.hpp; sourceTree = "<group>"; };
		ABB42E7021E3FC020005C884 /* tests-helpers.hpp */ = {isa = PBXFileReference; fileEncoding = 4; lastKnownFileType = sourcecode.cpp.h; path = "tests-helpers.hpp"; sourceTree = "<group>"; };
		ABB42E7121E3FC030005C884 /* tests-main.cpp */ = {isa = PBXFileReference; fileEncoding = 4; lastKnownFileType = sourcecode.cpp.cpp; path = "tests-main.cpp"; sourceTree = "<group>"; };
/* End PBXFileReference section */

/* Begin PBXFrameworksBuildPhase section */
		ABB42E5C21E3FBEC0005C884 /* Frameworks */ = {
			isa = PBXFrameworksBuildPhase;
			buildActionMask = 2147483647;
			files = (
			);
			runOnlyForDeploymentPostprocessing = 0;
		};
/* End PBXFrameworksBuildPhase section */

/* Begin PBXGroup section */
		ABB42E5621E3FBEC0005C884 = {
			isa = PBXGroup;
			children = (
				ABB42E6121E3FBEC0005C884 /* flatset */,
				ABB42E6021E3FBEC0005C884 /* Products */,
			);
			sourceTree = "<group>";
		};
		ABB42E6021E3FBEC0005C884 /* Products */ = {
			isa = PBXGroup;
			children = (
				ABB42E5F21E3FBEC0005C884 /* flatset */,
			);
			name = Products;
			sourceTree = "<group>";
		};
		ABB42E6121E3FBEC0005C884 /* flatset */ = {
			isa = PBXGroup;
			children = (
				ABB42E6921E3FC010005C884 /* catch.hpp */,
				ABB42E6E21E3FC020005C884 /* CMakeLists.txt */,
				ABB42E6F21E3FC020005C884 /* flatset.hpp */,
				ABB42E6D21E3FC020005C884 /* tests-flatset-basic.cpp */,
				ABB42E6A21E3FC010005C884 /* tests-flatset-complexity.cpp */,
				ABB42E6C21E3FC010005C884 /* tests-flatset-full.cpp */,
				ABB42E6B21E3FC010005C884 /* tests-helpers.cpp */,
				ABB42E7021E3FC020005C884 /* tests-helpers.hpp */,
				ABB42E7121E3FC030005C884 /* tests-main.cpp */,
			);
			path = flatset;
			sourceTree = "<group>";
		};
/* End PBXGroup section */

/* Begin PBXNativeTarget section */
		ABB42E5E21E3FBEC0005C884 /* flatset */ = {
			isa = PBXNativeTarget;
			buildConfigurationList = ABB42E6621E3FBEC0005C884 /* Build configuration list for PBXNativeTarget "flatset" */;
			buildPhases = (
				ABB42E5B21E3FBEC0005C884 /* Sources */,
				ABB42E5C21E3FBEC0005C884 /* Frameworks */,
				ABB42E5D21E3FBEC0005C884 /* CopyFiles */,
			);
			buildRules = (
			);
			dependencies = (
			);
			name = flatset;
			productName = flatset;
			productReference = ABB42E5F21E3FBEC0005C884 /* flatset */;
			productType = "com.apple.product-type.tool";
		};
/* End PBXNativeTarget section */

/* Begin PBXProject section */
		ABB42E5721E3FBEC0005C884 /* Project object */ = {
			isa = PBXProject;
			attributes = {
				LastUpgradeCheck = 1010;
				ORGANIZATIONNAME = "Yevgen Ponomarenko";
				TargetAttributes = {
					ABB42E5E21E3FBEC0005C884 = {
						CreatedOnToolsVersion = 10.1;
					};
				};
			};
			buildConfigurationList = ABB42E5A21E3FBEC0005C884 /* Build configuration list for PBXProject "flatset" */;
			compatibilityVersion = "Xcode 9.3";
			developmentRegion = en;
			hasScannedForEncodings = 0;
			knownRegions = (
				en,
			);
			mainGroup = ABB42E5621E3FBEC0005C884;
			productRefGroup = ABB42E6021E3FBEC0005C884 /* Products */;
			projectDirPath = "";
			projectRoot = "";
			targets = (
				ABB42E5E21E3FBEC0005C884 /* flatset */,
			);
		};
/* End PBXProject section */

/* Begin PBXSourcesBuildPhase section */
		ABB42E5B21E3FBEC0005C884 /* Sources */ = {
			isa = PBXSourcesBuildPhase;
			buildActionMask = 2147483647;
			files = (
				ABB42E7521E3FC030005C884 /* tests-flatset-basic.cpp in Sources */,
				ABB42E7221E3FC030005C884 /* tests-flatset-complexity.cpp in Sources */,
				ABB42E7421E3FC030005C884 /* tests-flatset-full.cpp in Sources */,
				ABB42E7621E3FC030005C884 /* tests-main.cpp in Sources */,
				ABB42E7321E3FC030005C884 /* tests-helpers.cpp in Sources */,
			);
			runOnlyForDeploymentPostprocessing = 0;
		};
/* End PBXSourcesBuildPhase section */

/* Begin XCBuildConfiguration section */
		ABB42E6421E3FBEC0005C884 /* Debug */ = {
			isa = XCBuildConfiguration;
			buildSettings = {
				ALWAYS_SEARCH_USER_PATHS = NO;
				CLANG_ANALYZER_NONNULL = YES;
				CLANG_ANALYZER_NUMBER_OBJECT_CONVERSION = YES_AGGRESSIVE;
				CLANG_CXX_LANGUAGE_STANDARD = "gnu++14";
				CLANG_CXX_LIBRARY = "libc++";
				CLANG_ENABLE_MODULES = YES;
				CLANG_ENABLE_OBJC_ARC = YES;
				CLANG_ENABLE_OBJC_WEAK = YES;
				CLANG_WARN_BLOCK_CAPTURE_AUTORELEASING = YES;
				CLANG_WARN_BOOL_CONVERSION = YES;
				CLANG_WARN_COMMA = YES;
				CLANG_WARN_CONSTANT_CONVERSION = YES;
				CLANG_WARN_DEPRECATED_OBJC_IMPLEMENTATIONS = YES;
				CLANG_WARN_DIRECT_OBJC_ISA_USAGE = YES_ERROR;
				CLANG_WARN_DOCUMENTATION_COMMENTS = YES;
				CLANG_WARN_EMPTY_BODY = YES;
				CLANG_WARN_ENUM_CONVERSION = YES;
				CLANG_WARN_INFINITE_RECURSION = YES;
				CLANG_WARN_INT_CONVERSION = YES;
				CLANG_WARN_NON_LITERAL_NULL_CONVERSION = YES;
				CLANG_WARN_OBJC_IMPLICIT_RETAIN_SELF = YES;
				CLANG_WARN_OBJC_LITERAL_CONVERSION = YES;
				CLANG_WARN_OBJC_ROOT_CLASS = YES_ERROR;
				CLANG_WARN_RANGE_LOOP_ANALYSIS = YES;
				CLANG_WARN_STRICT_PROTOTYPES = YES;
				CLANG_WARN_SUSPICIOUS_MOVE = YES;
				CLANG_WARN_UNGUARDED_AVAILABILITY = YES_AGGRESSIVE;
				CLANG_WARN_UNREACHABLE_CODE = YES;
				CLANG_WARN__DUPLICATE_METHOD_MATCH = YES;
				CODE_SIGN_IDENTITY = "-";
				COPY_PHASE_STRIP = NO;
				DEBUG_INFORMATION_FORMAT = dwarf;
				ENABLE_STRICT_OBJC_MSGSEND = YES;
				ENABLE_TESTABILITY = YES;
				GCC_C_LANGUAGE_STANDARD = gnu11;
				GCC_DYNAMIC_NO_PIC = NO;
				GCC_NO_COMMON_BLOCKS = YES;
				GCC_OPTIMIZATION_LEVEL = 0;
				GCC_PREPROCESSOR_DEFINITIONS = (
					"DEBUG=1",
					"$(inherited)",
				);
				GCC_WARN_64_TO_32_BIT_CONVERSION = YES;
				GCC_WARN_ABOUT_RETURN_TYPE = YES_ERROR;
				GCC_WARN_UNDECLARED_SELECTOR = YES;
				GCC_WARN_UNINITIALIZED_AUTOS = YES_AGGRESSIVE;
				GCC_WARN_UNUSED_FUNCTION = YES;
				GCC_WARN_UNUSED_VARIABLE = YES;
				MACOSX_DEPLOYMENT_TARGET = 10.14;
				MTL_ENABLE_DEBUG_INFO = INCLUDE_SOURCE;
				MTL_FAST_MATH = YES;
				ONLY_ACTIVE_ARCH = YES;
				SDKROOT = macosx;
			};
			name = Debug;
		};
		ABB42E6521E3FBEC0005C884 /* Release */ = {
			isa = XCBuildConfiguration;
			buildSettings = {
				ALWAYS_SEARCH_USER_PATHS = NO;
				CLANG_ANALYZER_NONNULL = YES;
				CLANG_ANALYZER_NUMBER_OBJECT_CONVERSION = YES_AGGRESSIVE;
				CLANG_CXX_LANGUAGE_STANDARD = "gnu++14";
				CLANG_CXX_LIBRARY = "libc++";
				CLANG_ENABLE_MODULES = YES;
				CLANG_ENABLE_OBJC_ARC = YES;
				CLANG_ENABLE_OBJC_WEAK = YES;
				CLANG_WARN_BLOCK_CAPTURE_AUTORELEASING = YES;
				CLANG_WARN_BOOL_CONVERSION = YES;
				CLANG_WARN_COMMA = YES;
				CLANG_WARN_CONSTANT_CONVERSION = YES;
				CLANG_WARN_DEPRECATED_OBJC_IMPLEMENTATIONS = YES;
				CLANG_WARN_DIRECT_OBJC_ISA_USAGE = YES_ERROR;
				CLANG_WARN_DOCUMENTATION_COMMENTS = YES;
				CLANG_WARN_EMPTY_BODY = YES;
				CLANG_WARN_ENUM_CONVERSION = YES;
				CLANG_WARN_INFINITE_RECURSION = YES;
				CLANG_WARN_INT_CONVERSION = YES;
				CLANG_WARN_NON_LITERAL_NULL_CONVERSION = YES;
				CLANG_WARN_OBJC_IMPLICIT_RETAIN_SELF = YES;
				CLANG_WARN_OBJC_LITERAL_CONVERSION = YES;
				CLANG_WARN_OBJC_ROOT_CLASS = YES_ERROR;
				CLANG_WARN_RANGE_LOOP_ANALYSIS = YES;
				CLANG_WARN_STRICT_PROTOTYPES = YES;
				CLANG_WARN_SUSPICIOUS_MOVE = YES;
				CLANG_WARN_UNGUARDED_AVAILABILITY = YES_AGGRESSIVE;
				CLANG_WARN_UNREACHABLE_CODE = YES;
				CLANG_WARN__DUPLICATE_METHOD_MATCH = YES;
				CODE_SIGN_IDENTITY = "-";
				COPY_PHASE_STRIP = NO;
				DEBUG_INFORMATION_FORMAT = "dwarf-with-dsym";
				ENABLE_NS_ASSERTIONS = NO;
				ENABLE_STRICT_OBJC_MSGSEND = YES;
				GCC_C_LANGUAGE_STANDARD = gnu11;
				GCC_NO_COMMON_BLOCKS = YES;
				GCC_WARN_64_TO_32_BIT_CONVERSION = YES;
				GCC_WARN_ABOUT_RETURN_TYPE = YES_ERROR;
				GCC_WARN_UNDECLARED_SELECTOR = YES;
				GCC_WARN_UNINITIALIZED_AUTOS = YES_AGGRESSIVE;
				GCC_WARN_UNUSED_FUNCTION = YES;
				GCC_WARN_UNUSED_VARIABLE = YES;
				MACOSX_DEPLOYMENT_TARGET = 10.14;
				MTL_ENABLE_DEBUG_INFO = NO;
				MTL_FAST_MATH = YES;
				SDKROOT = macosx;
			};
			name = Release;
		};
		ABB42E6721E3FBEC0005C884 /* Debug */ = {
			isa = XCBuildConfiguration;
			buildSettings = {
				CODE_SIGN_STYLE = Automatic;
				PRODUCT_NAME = "$(TARGET_NAME)";
			};
			name = Debug;
		};
		ABB42E6821E3FBEC0005C884 /* Release */ = {
			isa = XCBuildConfiguration;
			buildSettings = {
				CODE_SIGN_STYLE = Automatic;
				PRODUCT_NAME = "$(TARGET_NAME)";
			};
			name = Release;
		};
/* End XCBuildConfiguration section */

/* Begin XCConfigurationList section */
		ABB42E5A21E3FBEC0005C884 /* Build configuration list for PBXProject "flatset" */ = {
			isa = XCConfigurationList;
			buildConfigurations = (
				ABB42E6421E3FBEC0005C884 /* Debug */,
				ABB42E6521E3FBEC0005C884 /* Release */,
			);
			defaultConfigurationIsVisible = 0;
			defaultConfigurationName = Release;
		};
		ABB42E6621E3FBEC0005C884 /* Build configuration list for PBXNativeTarget "flatset" */ = {
			isa = XCConfigurationList;
			buildConfigurations = (
				ABB42E6721E3FBEC0005C884 /* Debug */,
				ABB42E6821E3FBEC0005C884 /* Release */,
			);
			defaultConfigurationIsVisible = 0;
			defaultConfigurationName = Release;
		};
/* End XCConfigurationList section */
	};
	rootObject = ABB42E5721E3FBEC0005C884 /* Project object */;
}
